// !$*UTF8*$!
{
	archiveVersion = 1;
	classes = {
	};
	objectVersion = 46;
	objects = {

/* Begin PBXBuildFile section */
		00DEDCFF1AA722620053352E /* AppDelegate.swift in Sources */ = {isa = PBXBuildFile; fileRef = 00DEDCFE1AA722620053352E /* AppDelegate.swift */; };
		00DEDD011AA722620053352E /* MasterViewController.swift in Sources */ = {isa = PBXBuildFile; fileRef = 00DEDD001AA722620053352E /* MasterViewController.swift */; };
		00DEDD041AA722620053352E /* Main.storyboard in Resources */ = {isa = PBXBuildFile; fileRef = 00DEDD021AA722620053352E /* Main.storyboard */; };
		00DEDD061AA722620053352E /* Images.xcassets in Resources */ = {isa = PBXBuildFile; fileRef = 00DEDD051AA722620053352E /* Images.xcassets */; };
		00DEDD091AA722620053352E /* LaunchScreen.xib in Resources */ = {isa = PBXBuildFile; fileRef = 00DEDD071AA722620053352E /* LaunchScreen.xib */; };
		00DEDD151AA722630053352E /* PsychologistTests.swift in Sources */ = {isa = PBXBuildFile; fileRef = 00DEDD141AA722630053352E /* PsychologistTests.swift */; };
		00DEDD1F1AA732170053352E /* MasterViewModel.swift in Sources */ = {isa = PBXBuildFile; fileRef = 00DEDD1E1AA732170053352E /* MasterViewModel.swift */; };
		00DEDD211AA732440053352E /* DetailViewModel.swift in Sources */ = {isa = PBXBuildFile; fileRef = 00DEDD201AA732440053352E /* DetailViewModel.swift */; };
		00DEDD231AA732740053352E /* DetailViewController.swift in Sources */ = {isa = PBXBuildFile; fileRef = 00DEDD221AA732740053352E /* DetailViewController.swift */; };
/* End PBXBuildFile section */

/* Begin PBXContainerItemProxy section */
		00DEDD0F1AA722630053352E /* PBXContainerItemProxy */ = {
			isa = PBXContainerItemProxy;
			containerPortal = 00DEDCF11AA722620053352E /* Project object */;
			proxyType = 1;
			remoteGlobalIDString = 00DEDCF81AA722620053352E;
			remoteInfo = Psychologist;
		};
/* End PBXContainerItemProxy section */

/* Begin PBXFileReference section */
		00DEDCF91AA722620053352E /* Psychologist.app */ = {isa = PBXFileReference; explicitFileType = wrapper.application; includeInIndex = 0; path = Psychologist.app; sourceTree = BUILT_PRODUCTS_DIR; };
		00DEDCFD1AA722620053352E /* Info.plist */ = {isa = PBXFileReference; lastKnownFileType = text.plist.xml; path = Info.plist; sourceTree = "<group>"; };
		00DEDCFE1AA722620053352E /* AppDelegate.swift */ = {isa = PBXFileReference; lastKnownFileType = sourcecode.swift; path = AppDelegate.swift; sourceTree = "<group>"; };
		00DEDD001AA722620053352E /* MasterViewController.swift */ = {isa = PBXFileReference; lastKnownFileType = sourcecode.swift; path = MasterViewController.swift; sourceTree = "<group>"; };
		00DEDD031AA722620053352E /* Base */ = {isa = PBXFileReference; lastKnownFileType = file.storyboard; name = Base; path = Base.lproj/Main.storyboard; sourceTree = "<group>"; };
		00DEDD051AA722620053352E /* Images.xcassets */ = {isa = PBXFileReference; lastKnownFileType = folder.assetcatalog; path = Images.xcassets; sourceTree = "<group>"; };
		00DEDD081AA722620053352E /* Base */ = {isa = PBXFileReference; lastKnownFileType = file.xib; name = Base; path = Base.lproj/LaunchScreen.xib; sourceTree = "<group>"; };
		00DEDD0E1AA722630053352E /* PsychologistTests.xctest */ = {isa = PBXFileReference; explicitFileType = wrapper.cfbundle; includeInIndex = 0; path = PsychologistTests.xctest; sourceTree = BUILT_PRODUCTS_DIR; };
		00DEDD131AA722630053352E /* Info.plist */ = {isa = PBXFileReference; lastKnownFileType = text.plist.xml; path = Info.plist; sourceTree = "<group>"; };
		00DEDD141AA722630053352E /* PsychologistTests.swift */ = {isa = PBXFileReference; lastKnownFileType = sourcecode.swift; path = PsychologistTests.swift; sourceTree = "<group>"; };
		00DEDD1E1AA732170053352E /* MasterViewModel.swift */ = {isa = PBXFileReference; fileEncoding = 4; lastKnownFileType = sourcecode.swift; path = MasterViewModel.swift; sourceTree = "<group>"; };
		00DEDD201AA732440053352E /* DetailViewModel.swift */ = {isa = PBXFileReference; fileEncoding = 4; lastKnownFileType = sourcecode.swift; path = DetailViewModel.swift; sourceTree = "<group>"; };
		00DEDD221AA732740053352E /* DetailViewController.swift */ = {isa = PBXFileReference; fileEncoding = 4; lastKnownFileType = sourcecode.swift; path = DetailViewController.swift; sourceTree = "<group>"; };
/* End PBXFileReference section */

/* Begin PBXFrameworksBuildPhase section */
		00DEDCF61AA722620053352E /* Frameworks */ = {
			isa = PBXFrameworksBuildPhase;
			buildActionMask = 2147483647;
			files = (
			);
			runOnlyForDeploymentPostprocessing = 0;
		};
		00DEDD0B1AA722630053352E /* Frameworks */ = {
			isa = PBXFrameworksBuildPhase;
			buildActionMask = 2147483647;
			files = (
			);
			runOnlyForDeploymentPostprocessing = 0;
		};
/* End PBXFrameworksBuildPhase section */

/* Begin PBXGroup section */
		00DEDCF01AA722620053352E = {
			isa = PBXGroup;
			children = (
				00DEDCFB1AA722620053352E /* Psychologist */,
				00DEDD111AA722630053352E /* PsychologistTests */,
				00DEDCFA1AA722620053352E /* Products */,
			);
			sourceTree = "<group>";
		};
		00DEDCFA1AA722620053352E /* Products */ = {
			isa = PBXGroup;
			children = (
				00DEDCF91AA722620053352E /* Psychologist.app */,
				00DEDD0E1AA722630053352E /* PsychologistTests.xctest */,
			);
			name = Products;
			sourceTree = "<group>";
		};
		00DEDCFB1AA722620053352E /* Psychologist */ = {
			isa = PBXGroup;
			children = (
				00DEDD001AA722620053352E /* MasterViewController.swift */,
				00DEDD221AA732740053352E /* DetailViewController.swift */,
				00DEDD021AA722620053352E /* Main.storyboard */,
				00DEDD1E1AA732170053352E /* MasterViewModel.swift */,
				00DEDD201AA732440053352E /* DetailViewModel.swift */,
				00DEDCFC1AA722620053352E /* Supporting Files */,
			);
			path = Psychologist;
			sourceTree = "<group>";
		};
		00DEDCFC1AA722620053352E /* Supporting Files */ = {
			isa = PBXGroup;
			children = (
				00DEDCFE1AA722620053352E /* AppDelegate.swift */,
				00DEDD051AA722620053352E /* Images.xcassets */,
				00DEDD071AA722620053352E /* LaunchScreen.xib */,
				00DEDCFD1AA722620053352E /* Info.plist */,
			);
			name = "Supporting Files";
			sourceTree = "<group>";
		};
		00DEDD111AA722630053352E /* PsychologistTests */ = {
			isa = PBXGroup;
			children = (
				00DEDD141AA722630053352E /* PsychologistTests.swift */,
				00DEDD121AA722630053352E /* Supporting Files */,
			);
			path = PsychologistTests;
			sourceTree = "<group>";
		};
		00DEDD121AA722630053352E /* Supporting Files */ = {
			isa = PBXGroup;
			children = (
				00DEDD131AA722630053352E /* Info.plist */,
			);
			name = "Supporting Files";
			sourceTree = "<group>";
		};
/* End PBXGroup section */

/* Begin PBXNativeTarget section */
		00DEDCF81AA722620053352E /* Psychologist */ = {
			isa = PBXNativeTarget;
			buildConfigurationList = 00DEDD181AA722630053352E /* Build configuration list for PBXNativeTarget "Psychologist" */;
			buildPhases = (
				00DEDCF51AA722620053352E /* Sources */,
				00DEDCF61AA722620053352E /* Frameworks */,
				00DEDCF71AA722620053352E /* Resources */,
			);
			buildRules = (
			);
			dependencies = (
			);
			name = Psychologist;
			productName = Psychologist;
			productReference = 00DEDCF91AA722620053352E /* Psychologist.app */;
			productType = "com.apple.product-type.application";
		};
		00DEDD0D1AA722630053352E /* PsychologistTests */ = {
			isa = PBXNativeTarget;
			buildConfigurationList = 00DEDD1B1AA722630053352E /* Build configuration list for PBXNativeTarget "PsychologistTests" */;
			buildPhases = (
				00DEDD0A1AA722630053352E /* Sources */,
				00DEDD0B1AA722630053352E /* Frameworks */,
				00DEDD0C1AA722630053352E /* Resources */,
			);
			buildRules = (
			);
			dependencies = (
				00DEDD101AA722630053352E /* PBXTargetDependency */,
			);
			name = PsychologistTests;
			productName = PsychologistTests;
			productReference = 00DEDD0E1AA722630053352E /* PsychologistTests.xctest */;
			productType = "com.apple.product-type.bundle.unit-test";
		};
/* End PBXNativeTarget section */

/* Begin PBXProject section */
		00DEDCF11AA722620053352E /* Project object */ = {
			isa = PBXProject;
			attributes = {
				LastUpgradeCheck = 0610;
				ORGANIZATIONNAME = "Johan van der Meulen";
				TargetAttributes = {
					00DEDCF81AA722620053352E = {
						CreatedOnToolsVersion = 6.1.1;
					};
					00DEDD0D1AA722630053352E = {
						CreatedOnToolsVersion = 6.1.1;
						TestTargetID = 00DEDCF81AA722620053352E;
					};
				};
			};
			buildConfigurationList = 00DEDCF41AA722620053352E /* Build configuration list for PBXProject "Psychologist" */;
			compatibilityVersion = "Xcode 3.2";
			developmentRegion = English;
			hasScannedForEncodings = 0;
			knownRegions = (
				en,
				Base,
			);
			mainGroup = 00DEDCF01AA722620053352E;
			productRefGroup = 00DEDCFA1AA722620053352E /* Products */;
			projectDirPath = "";
			projectRoot = "";
			targets = (
				00DEDCF81AA722620053352E /* Psychologist */,
				00DEDD0D1AA722630053352E /* PsychologistTests */,
			);
		};
/* End PBXProject section */

/* Begin PBXResourcesBuildPhase section */
		00DEDCF71AA722620053352E /* Resources */ = {
			isa = PBXResourcesBuildPhase;
			buildActionMask = 2147483647;
			files = (
				00DEDD041AA722620053352E /* Main.storyboard in Resources */,
				00DEDD091AA722620053352E /* LaunchScreen.xib in Resources */,
				00DEDD061AA722620053352E /* Images.xcassets in Resources */,
			);
			runOnlyForDeploymentPostprocessing = 0;
		};
		00DEDD0C1AA722630053352E /* Resources */ = {
			isa = PBXResourcesBuildPhase;
			buildActionMask = 2147483647;
			files = (
			);
			runOnlyForDeploymentPostprocessing = 0;
		};
/* End PBXResourcesBuildPhase section */

/* Begin PBXSourcesBuildPhase section */
		00DEDCF51AA722620053352E /* Sources */ = {
			isa = PBXSourcesBuildPhase;
			buildActionMask = 2147483647;
			files = (
				00DEDD011AA722620053352E /* MasterViewController.swift in Sources */,
				00DEDD1F1AA732170053352E /* MasterViewModel.swift in Sources */,
				00DEDD231AA732740053352E /* DetailViewController.swift in Sources */,
				00DEDCFF1AA722620053352E /* AppDelegate.swift in Sources */,
				00DEDD211AA732440053352E /* DetailViewModel.swift in Sources */,
			);
			runOnlyForDeploymentPostprocessing = 0;
		};
		00DEDD0A1AA722630053352E /* Sources */ = {
			isa = PBXSourcesBuildPhase;
			buildActionMask = 2147483647;
			files = (
				00DEDD151AA722630053352E /* PsychologistTests.swift in Sources */,
			);
			runOnlyForDeploymentPostprocessing = 0;
		};
/* End PBXSourcesBuildPhase section */

/* Begin PBXTargetDependency section */
		00DEDD101AA722630053352E /* PBXTargetDependency */ = {
			isa = PBXTargetDependency;
			target = 00DEDCF81AA722620053352E /* Psychologist */;
			targetProxy = 00DEDD0F1AA722630053352E /* PBXContainerItemProxy */;
		};
/* End PBXTargetDependency section */

/* Begin PBXVariantGroup section */
		00DEDD021AA722620053352E /* Main.storyboard */ = {
			isa = PBXVariantGroup;
			children = (
				00DEDD031AA722620053352E /* Base */,
			);
			name = Main.storyboard;
			sourceTree = "<group>";
		};
		00DEDD071AA722620053352E /* LaunchScreen.xib */ = {
			isa = PBXVariantGroup;
			children = (
				00DEDD081AA722620053352E /* Base */,
			);
			name = LaunchScreen.xib;
			sourceTree = "<group>";
		};
/* End PBXVariantGroup section */

/* Begin XCBuildConfiguration section */
		00DEDD161AA722630053352E /* Debug */ = {
			isa = XCBuildConfiguration;
			buildSettings = {
				ALWAYS_SEARCH_USER_PATHS = NO;
				CLANG_CXX_LANGUAGE_STANDARD = "gnu++0x";
				CLANG_CXX_LIBRARY = "libc++";
				CLANG_ENABLE_MODULES = YES;
				CLANG_ENABLE_OBJC_ARC = YES;
				CLANG_WARN_BOOL_CONVERSION = YES;
				CLANG_WARN_CONSTANT_CONVERSION = YES;
				CLANG_WARN_DIRECT_OBJC_ISA_USAGE = YES_ERROR;
				CLANG_WARN_EMPTY_BODY = YES;
				CLANG_WARN_ENUM_CONVERSION = YES;
				CLANG_WARN_INT_CONVERSION = YES;
				CLANG_WARN_OBJC_ROOT_CLASS = YES_ERROR;
				CLANG_WARN_UNREACHABLE_CODE = YES;
				CLANG_WARN__DUPLICATE_METHOD_MATCH = YES;
				"CODE_SIGN_IDENTITY[sdk=iphoneos*]" = "iPhone Developer";
				COPY_PHASE_STRIP = NO;
				ENABLE_STRICT_OBJC_MSGSEND = YES;
				GCC_C_LANGUAGE_STANDARD = gnu99;
				GCC_DYNAMIC_NO_PIC = NO;
				GCC_OPTIMIZATION_LEVEL = 0;
				GCC_PREPROCESSOR_DEFINITIONS = (
					"DEBUG=1",
					"$(inherited)",
				);
				GCC_SYMBOLS_PRIVATE_EXTERN = NO;
				GCC_WARN_64_TO_32_BIT_CONVERSION = YES;
				GCC_WARN_ABOUT_RETURN_TYPE = YES_ERROR;
				GCC_WARN_UNDECLARED_SELECTOR = YES;
				GCC_WARN_UNINITIALIZED_AUTOS = YES_AGGRESSIVE;
				GCC_WARN_UNUSED_FUNCTION = YES;
				GCC_WARN_UNUSED_VARIABLE = YES;
				IPHONEOS_DEPLOYMENT_TARGET = 8.1;
				MTL_ENABLE_DEBUG_INFO = YES;
				ONLY_ACTIVE_ARCH = YES;
				SDKROOT = iphoneos;
				SWIFT_OPTIMIZATION_LEVEL = "-Onone";
				TARGETED_DEVICE_FAMILY = "1,2";
			};
			name = Debug;
		};
		00DEDD171AA722630053352E /* Release */ = {
			isa = XCBuildConfiguration;
			buildSettings = {
				ALWAYS_SEARCH_USER_PATHS = NO;
				CLANG_CXX_LANGUAGE_STANDARD = "gnu++0x";
				CLANG_CXX_LIBRARY = "libc++";
				CLANG_ENABLE_MODULES = YES;
				CLANG_ENABLE_OBJC_ARC = YES;
				CLANG_WARN_BOOL_CONVERSION = YES;
				CLANG_WARN_CONSTANT_CONVERSION = YES;
				CLANG_WARN_DIRECT_OBJC_ISA_USAGE = YES_ERROR;
				CLANG_WARN_EMPTY_BODY = YES;
				CLANG_WARN_ENUM_CONVERSION = YES;
				CLANG_WARN_INT_CONVERSION = YES;
				CLANG_WARN_OBJC_ROOT_CLASS = YES_ERROR;
				CLANG_WARN_UNREACHABLE_CODE = YES;
				CLANG_WARN__DUPLICATE_METHOD_MATCH = YES;
				"CODE_SIGN_IDENTITY[sdk=iphoneos*]" = "iPhone Developer";
				COPY_PHASE_STRIP = YES;
				ENABLE_NS_ASSERTIONS = NO;
				ENABLE_STRICT_OBJC_MSGSEND = YES;
				GCC_C_LANGUAGE_STANDARD = gnu99;
				GCC_WARN_64_TO_32_BIT_CONVERSION = YES;
				GCC_WARN_ABOUT_RETURN_TYPE = YES_ERROR;
				GCC_WARN_UNDECLARED_SELECTOR = YES;
				GCC_WARN_UNINITIALIZED_AUTOS = YES_AGGRESSIVE;
				GCC_WARN_UNUSED_FUNCTION = YES;
				GCC_WARN_UNUSED_VARIABLE = YES;
				IPHONEOS_DEPLOYMENT_TARGET = 8.1;
				MTL_ENABLE_DEBUG_INFO = NO;
				SDKROOT = iphoneos;
				TARGETED_DEVICE_FAMILY = "1,2";
				VALIDATE_PRODUCT = YES;
			};
			name = Release;
		};
		00DEDD191AA722630053352E /* Debug */ = {
			isa = XCBuildConfiguration;
			buildSettings = {
				ASSETCATALOG_COMPILER_APPICON_NAME = AppIcon;
				INFOPLIST_FILE = Psychologist/Info.plist;
				LD_RUNPATH_SEARCH_PATHS = "$(inherited) @executable_path/Frameworks";
				PRODUCT_NAME = "$(TARGET_NAME)";
			};
			name = Debug;
		};
		00DEDD1A1AA722630053352E /* Release */ = {
			isa = XCBuildConfiguration;
			buildSettings = {
				ASSETCATALOG_COMPILER_APPICON_NAME = AppIcon;
				INFOPLIST_FILE = Psychologist/Info.plist;
				LD_RUNPATH_SEARCH_PATHS = "$(inherited) @executable_path/Frameworks";
				PRODUCT_NAME = "$(TARGET_NAME)";
			};
			name = Release;
		};
		00DEDD1C1AA722630053352E /* Debug */ = {
			isa = XCBuildConfiguration;
			buildSettings = {
				BUNDLE_LOADER = "$(TEST_HOST)";
				FRAMEWORK_SEARCH_PATHS = (
					"$(SDKROOT)/Developer/Library/Frameworks",
					"$(inherited)",
				);
				GCC_PREPROCESSOR_DEFINITIONS = (
					"DEBUG=1",
					"$(inherited)",
				);
				INFOPLIST_FILE = PsychologistTests/Info.plist;
				LD_RUNPATH_SEARCH_PATHS = "$(inherited) @executable_path/Frameworks @loader_path/Frameworks";
				PRODUCT_NAME = "$(TARGET_NAME)";
				TEST_HOST = "$(BUILT_PRODUCTS_DIR)/Psychologist.app/Psychologist";
			};
			name = Debug;
		};
		00DEDD1D1AA722630053352E /* Release */ = {
			isa = XCBuildConfiguration;
			buildSettings = {
				BUNDLE_LOADER = "$(TEST_HOST)";
				FRAMEWORK_SEARCH_PATHS = (
					"$(SDKROOT)/Developer/Library/Frameworks",
					"$(inherited)",
				);
				INFOPLIST_FILE = PsychologistTests/Info.plist;
				LD_RUNPATH_SEARCH_PATHS = "$(inherited) @executable_path/Frameworks @loader_path/Frameworks";
				PRODUCT_NAME = "$(TARGET_NAME)";
				TEST_HOST = "$(BUILT_PRODUCTS_DIR)/Psychologist.app/Psychologist";
			};
			name = Release;
		};
/* End XCBuildConfiguration section */

/* Begin XCConfigurationList section */
		00DEDCF41AA722620053352E /* Build configuration list for PBXProject "Psychologist" */ = {
			isa = XCConfigurationList;
			buildConfigurations = (
				00DEDD161AA722630053352E /* Debug */,
				00DEDD171AA722630053352E /* Release */,
			);
			defaultConfigurationIsVisible = 0;
			defaultConfigurationName = Release;
		};
		00DEDD181AA722630053352E /* Build configuration list for PBXNativeTarget "Psychologist" */ = {
			isa = XCConfigurationList;
			buildConfigurations = (
				00DEDD191AA722630053352E /* Debug */,
				00DEDD1A1AA722630053352E /* Release */,
			);
			defaultConfigurationIsVisible = 0;
		};
		00DEDD1B1AA722630053352E /* Build configuration list for PBXNativeTarget "PsychologistTests" */ = {
			isa = XCConfigurationList;
			buildConfigurations = (
				00DEDD1C1AA722630053352E /* Debug */,
				00DEDD1D1AA722630053352E /* Release */,
			);
			defaultConfigurationIsVisible = 0;
		};
/* End XCConfigurationList section */
	};
	rootObject = 00DEDCF11AA722620053352E /* Project object */;
}
